
Microsoft Visual Studio Solution File, Format Version 12.00
# Visual Studio Version 17
VisualStudioVersion = 17.0.31903.59
MinimumVisualStudioVersion = 10.0.40219.1
Project("{2150E333-8FDC-42A3-9474-1A3956D46DE8}") = "src", "src", "{827E0CD3-B72D-47B6-A68D-7590B98EB39B}"
EndProject
Project("{FAE04EC0-301F-11D3-BF4B-00C04F79EFBC}") = "NineP.Client", "src\NineP.Client\NineP.Client.csproj", "{D4521E45-F7C1-436A-928E-A7737A5C12AF}"
EndProject
Project("{FAE04EC0-301F-11D3-BF4B-00C04F79EFBC}") = "NineP.Protocol", "src\NineP.Protocol\NineP.Protocol.csproj", "{D104DA33-FA6F-4A44-A11E-3959412F00BF}"
EndProject
Project("{FAE04EC0-301F-11D3-BF4B-00C04F79EFBC}") = "NineP.Server", "src\NineP.Server\NineP.Server.csproj", "{80A56292-5FCD-457A-B84D-162C5BB08F2A}"
EndProject
Project("{2150E333-8FDC-42A3-9474-1A3956D46DE8}") = "examples", "examples", "{B36A84DF-456D-A817-6EDD-3EC3E7F6E11F}"
EndProject
Project("{FAE04EC0-301F-11D3-BF4B-00C04F79EFBC}") = "NineP.Cli", "examples\NineP.Cli\NineP.Cli.csproj", "{53DABF6E-2AE3-489E-BDF7-A6EBBA8749C5}"
EndProject
Project("{FAE04EC0-301F-11D3-BF4B-00C04F79EFBC}") = "NineP.JsonFs", "examples\NineP.JsonFs\NineP.JsonFs.csproj", "{A48AA01F-2675-4EDB-A7A1-022BCFCC42F2}"
EndProject
Project("{FAE04EC0-301F-11D3-BF4B-00C04F79EFBC}") = "NineP.TodoFs", "examples\NineP.TodoFs\NineP.TodoFs.csproj", "{DD96AB74-EF93-4F80-859B-29BC8E8E804F}"
EndProject
Project("{2150E333-8FDC-42A3-9474-1A3956D46DE8}") = "tests", "tests", "{0AB3BF05-4346-4AA6-1389-037BE0695223}"
EndProject
Project("{FAE04EC0-301F-11D3-BF4B-00C04F79EFBC}") = "NineP.Benchmarks", "tests\NineP.Benchmarks\NineP.Benchmarks.csproj", "{1059A042-A3A7-4A2B-85A2-25FAED51DA3B}"
EndProject
Project("{FAE04EC0-301F-11D3-BF4B-00C04F79EFBC}") = "NineP.TestSupport", "tests\NineP.TestSupport\NineP.TestSupport.csproj", "{AA7A071A-EDAA-4350-8585-7818C15AE71E}"
EndProject
Project("{FAE04EC0-301F-11D3-BF4B-00C04F79EFBC}") = "NineP.Client.Tests", "tests\NineP.Client.Tests\NineP.Client.Tests.csproj", "{FB0C5E8D-9304-4831-8488-C69D103EEA35}"
EndProject
Project("{FAE04EC0-301F-11D3-BF4B-00C04F79EFBC}") = "NineP.Conformance", "tests\NineP.Conformance\NineP.Conformance.csproj", "{7D3A59E3-A4D0-446D-808D-34ED6F239853}"
EndProject
Project("{FAE04EC0-301F-11D3-BF4B-00C04F79EFBC}") = "NineP.Docs.Tests", "tests\NineP.Docs.Tests\NineP.Docs.Tests.csproj", "{51E24F43-5D8A-4842-A57A-3AA4472E3C34}"
EndProject
Project("{FAE04EC0-301F-11D3-BF4B-00C04F79EFBC}") = "NineP.Fuzz", "tests\NineP.Fuzz\NineP.Fuzz.csproj", "{628594DC-BBF6-4AAD-9575-A00D25A47F4C}"
EndProject
Project("{FAE04EC0-301F-11D3-BF4B-00C04F79EFBC}") = "NineP.Protocol.Tests", "tests\NineP.Protocol.Tests\NineP.Protocol.Tests.csproj", "{738C9935-3FEF-4513-8021-39AE8F90A2AF}"
EndProject
Project("{FAE04EC0-301F-11D3-BF4B-00C04F79EFBC}") = "NineP.Repo.Tests", "tests\NineP.Repo.Tests\NineP.Repo.Tests.csproj", "{37BDDDFA-0D64-4AF4-9ECE-C104C0CE9BFF}"
EndProject
Project("{FAE04EC0-301F-11D3-BF4B-00C04F79EFBC}") = "NineP.Server.Tests", "tests\NineP.Server.Tests\NineP.Server.Tests.csproj", "{277CD39F-F2AC-4681-AE5C-700A75CCE987}"
EndProject
Global
	GlobalSection(SolutionConfigurationPlatforms) = preSolution
		Debug|Any CPU = Debug|Any CPU
		Debug|x64 = Debug|x64
		Debug|x86 = Debug|x86
		Release|Any CPU = Release|Any CPU
		Release|x64 = Release|x64
		Release|x86 = Release|x86
	EndGlobalSection
	GlobalSection(ProjectConfigurationPlatforms) = postSolution
		{D4521E45-F7C1-436A-928E-A7737A5C12AF}.Debug|Any CPU.ActiveCfg = Debug|Any CPU
		{D4521E45-F7C1-436A-928E-A7737A5C12AF}.Debug|Any CPU.Build.0 = Debug|Any CPU
		{D4521E45-F7C1-436A-928E-A7737A5C12AF}.Debug|x64.ActiveCfg = Debug|Any CPU
		{D4521E45-F7C1-436A-928E-A7737A5C12AF}.Debug|x64.Build.0 = Debug|Any CPU
		{D4521E45-F7C1-436A-928E-A7737A5C12AF}.Debug|x86.ActiveCfg = Debug|Any CPU
		{D4521E45-F7C1-436A-928E-A7737A5C12AF}.Debug|x86.Build.0 = Debug|Any CPU
		{D4521E45-F7C1-436A-928E-A7737A5C12AF}.Release|Any CPU.ActiveCfg = Release|Any CPU
		{D4521E45-F7C1-436A-928E-A7737A5C12AF}.Release|Any CPU.Build.0 = Release|Any CPU
		{D4521E45-F7C1-436A-928E-A7737A5C12AF}.Release|x64.ActiveCfg = Release|Any CPU
		{D4521E45-F7C1-436A-928E-A7737A5C12AF}.Release|x64.Build.0 = Release|Any CPU
		{D4521E45-F7C1-436A-928E-A7737A5C12AF}.Release|x86.ActiveCfg = Release|Any CPU
		{D4521E45-F7C1-436A-928E-A7737A5C12AF}.Release|x86.Build.0 = Release|Any CPU
		{D104DA33-FA6F-4A44-A11E-3959412F00BF}.Debug|Any CPU.ActiveCfg = Debug|Any CPU
		{D104DA33-FA6F-4A44-A11E-3959412F00BF}.Debug|Any CPU.Build.0 = Debug|Any CPU
		{D104DA33-FA6F-4A44-A11E-3959412F00BF}.Debug|x64.ActiveCfg = Debug|Any CPU
		{D104DA33-FA6F-4A44-A11E-3959412F00BF}.Debug|x64.Build.0 = Debug|Any CPU
		{D104DA33-FA6F-4A44-A11E-3959412F00BF}.Debug|x86.ActiveCfg = Debug|Any CPU
		{D104DA33-FA6F-4A44-A11E-3959412F00BF}.Debug|x86.Build.0 = Debug|Any CPU
		{D104DA33-FA6F-4A44-A11E-3959412F00BF}.Release|Any CPU.ActiveCfg = Release|Any CPU
		{D104DA33-FA6F-4A44-A11E-3959412F00BF}.Release|Any CPU.Build.0 = Release|Any CPU
		{D104DA33-FA6F-4A44-A11E-3959412F00BF}.Release|x64.ActiveCfg = Release|Any CPU
		{D104DA33-FA6F-4A44-A11E-3959412F00BF}.Release|x64.Build.0 = Release|Any CPU
		{D104DA33-FA6F-4A44-A11E-3959412F00BF}.Release|x86.ActiveCfg = Release|Any CPU
		{D104DA33-FA6F-4A44-A11E-3959412F00BF}.Release|x86.Build.0 = Release|Any CPU
		{80A56292-5FCD-457A-B84D-162C5BB08F2A}.Debug|Any CPU.ActiveCfg = Debug|Any CPU
		{80A56292-5FCD-457A-B84D-162C5BB08F2A}.Debug|Any CPU.Build.0 = Debug|Any CPU
		{80A56292-5FCD-457A-B84D-162C5BB08F2A}.Debug|x64.ActiveCfg = Debug|Any CPU
		{80A56292-5FCD-457A-B84D-162C5BB08F2A}.Debug|x64.Build.0 = Debug|Any CPU
		{80A56292-5FCD-457A-B84D-162C5BB08F2A}.Debug|x86.ActiveCfg = Debug|Any CPU
		{80A56292-5FCD-457A-B84D-162C5BB08F2A}.Debug|x86.Build.0 = Debug|Any CPU
		{80A56292-5FCD-457A-B84D-162C5BB08F2A}.Release|Any CPU.ActiveCfg = Release|Any CPU
		{80A56292-5FCD-457A-B84D-162C5BB08F2A}.Release|Any CPU.Build.0 = Release|Any CPU
		{80A56292-5FCD-457A-B84D-162C5BB08F2A}.Release|x64.ActiveCfg = Release|Any CPU
		{80A56292-5FCD-457A-B84D-162C5BB08F2A}.Release|x64.Build.0 = Release|Any CPU
		{80A56292-5FCD-457A-B84D-162C5BB08F2A}.Release|x86.ActiveCfg = Release|Any CPU
		{80A56292-5FCD-457A-B84D-162C5BB08F2A}.Release|x86.Build.0 = Release|Any CPU
		{53DABF6E-2AE3-489E-BDF7-A6EBBA8749C5}.Debug|Any CPU.ActiveCfg = Debug|Any CPU
		{53DABF6E-2AE3-489E-BDF7-A6EBBA8749C5}.Debug|Any CPU.Build.0 = Debug|Any CPU
		{53DABF6E-2AE3-489E-BDF7-A6EBBA8749C5}.Debug|x64.ActiveCfg = Debug|Any CPU
		{53DABF6E-2AE3-489E-BDF7-A6EBBA8749C5}.Debug|x64.Build.0 = Debug|Any CPU
		{53DABF6E-2AE3-489E-BDF7-A6EBBA8749C5}.Debug|x86.ActiveCfg = Debug|Any CPU
		{53DABF6E-2AE3-489E-BDF7-A6EBBA8749C5}.Debug|x86.Build.0 = Debug|Any CPU
		{53DABF6E-2AE3-489E-BDF7-A6EBBA8749C5}.Release|Any CPU.ActiveCfg = Release|Any CPU
		{53DABF6E-2AE3-489E-BDF7-A6EBBA8749C5}.Release|Any CPU.Build.0 = Release|Any CPU
		{53DABF6E-2AE3-489E-BDF7-A6EBBA8749C5}.Release|x64.ActiveCfg = Release|Any CPU
		{53DABF6E-2AE3-489E-BDF7-A6EBBA8749C5}.Release|x64.Build.0 = Release|Any CPU
		{53DABF6E-2AE3-489E-BDF7-A6EBBA8749C5}.Release|x86.ActiveCfg = Release|Any CPU
		{53DABF6E-2AE3-489E-BDF7-A6EBBA8749C5}.Release|x86.Build.0 = Release|Any CPU
		{A48AA01F-2675-4EDB-A7A1-022BCFCC42F2}.Debug|Any CPU.ActiveCfg = Debug|Any CPU
		{A48AA01F-2675-4EDB-A7A1-022BCFCC42F2}.Debug|Any CPU.Build.0 = Debug|Any CPU
		{A48AA01F-2675-4EDB-A7A1-022BCFCC42F2}.Debug|x64.ActiveCfg = Debug|Any CPU
		{A48AA01F-2675-4EDB-A7A1-022BCFCC42F2}.Debug|x64.Build.0 = Debug|Any CPU
		{A48AA01F-2675-4EDB-A7A1-022BCFCC42F2}.Debug|x86.ActiveCfg = Debug|Any CPU
		{A48AA01F-2675-4EDB-A7A1-022BCFCC42F2}.Debug|x86.Build.0 = Debug|Any CPU
		{A48AA01F-2675-4EDB-A7A1-022BCFCC42F2}.Release|Any CPU.ActiveCfg = Release|Any CPU
		{A48AA01F-2675-4EDB-A7A1-022BCFCC42F2}.Release|Any CPU.Build.0 = Release|Any CPU
		{A48AA01F-2675-4EDB-A7A1-022BCFCC42F2}.Release|x64.ActiveCfg = Release|Any CPU
		{A48AA01F-2675-4EDB-A7A1-022BCFCC42F2}.Release|x64.Build.0 = Release|Any CPU
		{A48AA01F-2675-4EDB-A7A1-022BCFCC42F2}.Release|x86.ActiveCfg = Release|Any CPU
		{A48AA01F-2675-4EDB-A7A1-022BCFCC42F2}.Release|x86.Build.0 = Release|Any CPU
		{DD96AB74-EF93-4F80-859B-29BC8E8E804F}.Debug|Any CPU.ActiveCfg = Debug|Any CPU
		{DD96AB74-EF93-4F80-859B-29BC8E8E804F}.Debug|Any CPU.Build.0 = Debug|Any CPU
		{DD96AB74-EF93-4F80-859B-29BC8E8E804F}.Debug|x64.ActiveCfg = Debug|Any CPU
		{DD96AB74-EF93-4F80-859B-29BC8E8E804F}.Debug|x64.Build.0 = Debug|Any CPU
		{DD96AB74-EF93-4F80-859B-29BC8E8E804F}.Debug|x86.ActiveCfg = Debug|Any CPU
		{DD96AB74-EF93-4F80-859B-29BC8E8E804F}.Debug|x86.Build.0 = Debug|Any CPU
		{DD96AB74-EF93-4F80-859B-29BC8E8E804F}.Release|Any CPU.ActiveCfg = Release|Any CPU
		{DD96AB74-EF93-4F80-859B-29BC8E8E804F}.Release|Any CPU.Build.0 = Release|Any CPU
		{DD96AB74-EF93-4F80-859B-29BC8E8E804F}.Release|x64.ActiveCfg = Release|Any CPU
		{DD96AB74-EF93-4F80-859B-29BC8E8E804F}.Release|x64.Build.0 = Release|Any CPU
		{DD96AB74-EF93-4F80-859B-29BC8E8E804F}.Release|x86.ActiveCfg = Release|Any CPU
		{DD96AB74-EF93-4F80-859B-29BC8E8E804F}.Release|x86.Build.0 = Release|Any CPU
		{1059A042-A3A7-4A2B-85A2-25FAED51DA3B}.Debug|Any CPU.ActiveCfg = Debug|Any CPU
		{1059A042-A3A7-4A2B-85A2-25FAED51DA3B}.Debug|Any CPU.Build.0 = Debug|Any CPU
		{1059A042-A3A7-4A2B-85A2-25FAED51DA3B}.Debug|x64.ActiveCfg = Debug|Any CPU
		{1059A042-A3A7-4A2B-85A2-25FAED51DA3B}.Debug|x64.Build.0 = Debug|Any CPU
		{1059A042-A3A7-4A2B-85A2-25FAED51DA3B}.Debug|x86.ActiveCfg = Debug|Any CPU
		{1059A042-A3A7-4A2B-85A2-25FAED51DA3B}.Debug|x86.Build.0 = Debug|Any CPU
		{1059A042-A3A7-4A2B-85A2-25FAED51DA3B}.Release|Any CPU.ActiveCfg = Release|Any CPU
		{1059A042-A3A7-4A2B-85A2-25FAED51DA3B}.Release|Any CPU.Build.0 = Release|Any CPU
		{1059A042-A3A7-4A2B-85A2-25FAED51DA3B}.Release|x64.ActiveCfg = Release|Any CPU
		{1059A042-A3A7-4A2B-85A2-25FAED51DA3B}.Release|x64.Build.0 = Release|Any CPU
		{1059A042-A3A7-4A2B-85A2-25FAED51DA3B}.Release|x86.ActiveCfg = Release|Any CPU
		{1059A042-A3A7-4A2B-85A2-25FAED51DA3B}.Release|x86.Build.0 = Release|Any CPU
		{AA7A071A-EDAA-4350-8585-7818C15AE71E}.Debug|Any CPU.ActiveCfg = Debug|Any CPU
		{AA7A071A-EDAA-4350-8585-7818C15AE71E}.Debug|Any CPU.Build.0 = Debug|Any CPU
		{AA7A071A-EDAA-4350-8585-7818C15AE71E}.Debug|x64.ActiveCfg = Debug|Any CPU
		{AA7A071A-EDAA-4350-8585-7818C15AE71E}.Debug|x64.Build.0 = Debug|Any CPU
		{AA7A071A-EDAA-4350-8585-7818C15AE71E}.Debug|x86.ActiveCfg = Debug|Any CPU
		{AA7A071A-EDAA-4350-8585-7818C15AE71E}.Debug|x86.Build.0 = Debug|Any CPU
		{AA7A071A-EDAA-4350-8585-7818C15AE71E}.Release|Any CPU.ActiveCfg = Release|Any CPU
		{AA7A071A-EDAA-4350-8585-7818C15AE71E}.Release|Any CPU.Build.0 = Release|Any CPU
		{AA7A071A-EDAA-4350-8585-7818C15AE71E}.Release|x64.ActiveCfg = Release|Any CPU
		{AA7A071A-EDAA-4350-8585-7818C15AE71E}.Release|x64.Build.0 = Release|Any CPU
		{AA7A071A-EDAA-4350-8585-7818C15AE71E}.Release|x86.ActiveCfg = Release|Any CPU
		{AA7A071A-EDAA-4350-8585-7818C15AE71E}.Release|x86.Build.0 = Release|Any CPU
		{FB0C5E8D-9304-4831-8488-C69D103EEA35}.Debug|Any CPU.ActiveCfg = Debug|Any CPU
		{FB0C5E8D-9304-4831-8488-C69D103EEA35}.Debug|Any CPU.Build.0 = Debug|Any CPU
		{FB0C5E8D-9304-4831-8488-C69D103EEA35}.Debug|x64.ActiveCfg = Debug|Any CPU
		{FB0C5E8D-9304-4831-8488-C69D103EEA35}.Debug|x64.Build.0 = Debug|Any CPU
		{FB0C5E8D-9304-4831-8488-C69D103EEA35}.Debug|x86.ActiveCfg = Debug|Any CPU
		{FB0C5E8D-9304-4831-8488-C69D103EEA35}.Debug|x86.Build.0 = Debug|Any CPU
		{FB0C5E8D-9304-4831-8488-C69D103EEA35}.Release|Any CPU.ActiveCfg = Release|Any CPU
		{FB0C5E8D-9304-4831-8488-C69D103EEA35}.Release|Any CPU.Build.0 = Release|Any CPU
		{FB0C5E8D-9304-4831-8488-C69D103EEA35}.Release|x64.ActiveCfg = Release|Any CPU
		{FB0C5E8D-9304-4831-8488-C69D103EEA35}.Release|x64.Build.0 = Release|Any CPU
		{FB0C5E8D-9304-4831-8488-C69D103EEA35}.Release|x86.ActiveCfg = Release|Any CPU
		{FB0C5E8D-9304-4831-8488-C69D103EEA35}.Release|x86.Build.0 = Release|Any CPU
		{7D3A59E3-A4D0-446D-808D-34ED6F239853}.Debug|Any CPU.ActiveCfg = Debug|Any CPU
		{7D3A59E3-A4D0-446D-808D-34ED6F239853}.Debug|Any CPU.Build.0 = Debug|Any CPU
		{7D3A59E3-A4D0-446D-808D-34ED6F239853}.Debug|x64.ActiveCfg = Debug|Any CPU
		{7D3A59E3-A4D0-446D-808D-34ED6F239853}.Debug|x64.Build.0 = Debug|Any CPU
		{7D3A59E3-A4D0-446D-808D-34ED6F239853}.Debug|x86.ActiveCfg = Debug|Any CPU
		{7D3A59E3-A4D0-446D-808D-34ED6F239853}.Debug|x86.Build.0 = Debug|Any CPU
		{7D3A59E3-A4D0-446D-808D-34ED6F239853}.Release|Any CPU.ActiveCfg = Release|Any CPU
		{7D3A59E3-A4D0-446D-808D-34ED6F239853}.Release|Any CPU.Build.0 = Release|Any CPU
		{7D3A59E3-A4D0-446D-808D-34ED6F239853}.Release|x64.ActiveCfg = Release|Any CPU
		{7D3A59E3-A4D0-446D-808D-34ED6F239853}.Release|x64.Build.0 = Release|Any CPU
		{7D3A59E3-A4D0-446D-808D-34ED6F239853}.Release|x86.ActiveCfg = Release|Any CPU
		{7D3A59E3-A4D0-446D-808D-34ED6F239853}.Release|x86.Build.0 = Release|Any CPU
		{51E24F43-5D8A-4842-A57A-3AA4472E3C34}.Debug|Any CPU.ActiveCfg = Debug|Any CPU
		{51E24F43-5D8A-4842-A57A-3AA4472E3C34}.Debug|Any CPU.Build.0 = Debug|Any CPU
		{51E24F43-5D8A-4842-A57A-3AA4472E3C34}.Debug|x64.ActiveCfg = Debug|Any CPU
		{51E24F43-5D8A-4842-A57A-3AA4472E3C34}.Debug|x64.Build.0 = Debug|Any CPU
		{51E24F43-5D8A-4842-A57A-3AA4472E3C34}.Debug|x86.ActiveCfg = Debug|Any CPU
		{51E24F43-5D8A-4842-A57A-3AA4472E3C34}.Debug|x86.Build.0 = Debug|Any CPU
		{51E24F43-5D8A-4842-A57A-3AA4472E3C34}.Release|Any CPU.ActiveCfg = Release|Any CPU
		{51E24F43-5D8A-4842-A57A-3AA4472E3C34}.Release|Any CPU.Build.0 = Release|Any CPU
		{51E24F43-5D8A-4842-A57A-3AA4472E3C34}.Release|x64.ActiveCfg = Release|Any CPU
		{51E24F43-5D8A-4842-A57A-3AA4472E3C34}.Release|x64.Build.0 = Release|Any CPU
		{51E24F43-5D8A-4842-A57A-3AA4472E3C34}.Release|x86.ActiveCfg = Release|Any CPU
		{51E24F43-5D8A-4842-A57A-3AA4472E3C34}.Release|x86.Build.0 = Release|Any CPU
		{628594DC-BBF6-4AAD-9575-A00D25A47F4C}.Debug|Any CPU.ActiveCfg = Debug|Any CPU
		{628594DC-BBF6-4AAD-9575-A00D25A47F4C}.Debug|Any CPU.Build.0 = Debug|Any CPU
		{628594DC-BBF6-4AAD-9575-A00D25A47F4C}.Debug|x64.ActiveCfg = Debug|Any CPU
		{628594DC-BBF6-4AAD-9575-A00D25A47F4C}.Debug|x64.Build.0 = Debug|Any CPU
		{628594DC-BBF6-4AAD-9575-A00D25A47F4C}.Debug|x86.ActiveCfg = Debug|Any CPU
		{628594DC-BBF6-4AAD-9575-A00D25A47F4C}.Debug|x86.Build.0 = Debug|Any CPU
		{628594DC-BBF6-4AAD-9575-A00D25A47F4C}.Release|Any CPU.ActiveCfg = Release|Any CPU
		{628594DC-BBF6-4AAD-9575-A00D25A47F4C}.Release|Any CPU.Build.0 = Release|Any CPU
		{628594DC-BBF6-4AAD-9575-A00D25A47F4C}.Release|x64.ActiveCfg = Release|Any CPU
		{628594DC-BBF6-4AAD-9575-A00D25A47F4C}.Release|x64.Build.0 = Release|Any CPU
		{628594DC-BBF6-4AAD-9575-A00D25A47F4C}.Release|x86.ActiveCfg = Release|Any CPU
		{628594DC-BBF6-4AAD-9575-A00D25A47F4C}.Release|x86.Build.0 = Release|Any CPU
		{738C9935-3FEF-4513-8021-39AE8F90A2AF}.Debug|Any CPU.ActiveCfg = Debug|Any CPU
		{738C9935-3FEF-4513-8021-39AE8F90A2AF}.Debug|Any CPU.Build.0 = Debug|Any CPU
		{738C9935-3FEF-4513-8021-39AE8F90A2AF}.Debug|x64.ActiveCfg = Debug|Any CPU
		{738C9935-3FEF-4513-8021-39AE8F90A2AF}.Debug|x64.Build.0 = Debug|Any CPU
		{738C9935-3FEF-4513-8021-39AE8F90A2AF}.Debug|x86.ActiveCfg = Debug|Any CPU
		{738C9935-3FEF-4513-8021-39AE8F90A2AF}.Debug|x86.Build.0 = Debug|Any CPU
		{738C9935-3FEF-4513-8021-39AE8F90A2AF}.Release|Any CPU.ActiveCfg = Release|Any CPU
		{738C9935-3FEF-4513-8021-39AE8F90A2AF}.Release|Any CPU.Build.0 = Release|Any CPU
		{738C9935-3FEF-4513-8021-39AE8F90A2AF}.Release|x64.ActiveCfg = Release|Any CPU
		{738C9935-3FEF-4513-8021-39AE8F90A2AF}.Release|x64.Build.0 = Release|Any CPU
		{738C9935-3FEF-4513-8021-39AE8F90A2AF}.Release|x86.ActiveCfg = Release|Any CPU
		{738C9935-3FEF-4513-8021-39AE8F90A2AF}.Release|x86.Build.0 = Release|Any CPU
		{37BDDDFA-0D64-4AF4-9ECE-C104C0CE9BFF}.Debug|Any CPU.ActiveCfg = Debug|Any CPU
		{37BDDDFA-0D64-4AF4-9ECE-C104C0CE9BFF}.Debug|Any CPU.Build.0 = Debug|Any CPU
		{37BDDDFA-0D64-4AF4-9ECE-C104C0CE9BFF}.Debug|x64.ActiveCfg = Debug|Any CPU
		{37BDDDFA-0D64-4AF4-9ECE-C104C0CE9BFF}.Debug|x64.Build.0 = Debug|Any CPU
		{37BDDDFA-0D64-4AF4-9ECE-C104C0CE9BFF}.Debug|x86.ActiveCfg = Debug|Any CPU
		{37BDDDFA-0D64-4AF4-9ECE-C104C0CE9BFF}.Debug|x86.Build.0 = Debug|Any CPU
		{37BDDDFA-0D64-4AF4-9ECE-C104C0CE9BFF}.Release|Any CPU.ActiveCfg = Release|Any CPU
		{37BDDDFA-0D64-4AF4-9ECE-C104C0CE9BFF}.Release|Any CPU.Build.0 = Release|Any CPU
		{37BDDDFA-0D64-4AF4-9ECE-C104C0CE9BFF}.Release|x64.ActiveCfg = Release|Any CPU
		{37BDDDFA-0D64-4AF4-9ECE-C104C0CE9BFF}.Release|x64.Build.0 = Release|Any CPU
		{37BDDDFA-0D64-4AF4-9ECE-C104C0CE9BFF}.Release|x86.ActiveCfg = Release|Any CPU
		{37BDDDFA-0D64-4AF4-9ECE-C104C0CE9BFF}.Release|x86.Build.0 = Release|Any CPU
		{277CD39F-F2AC-4681-AE5C-700A75CCE987}.Debug|Any CPU.ActiveCfg = Debug|Any CPU
		{277CD39F-F2AC-4681-AE5C-700A75CCE987}.Debug|Any CPU.Build.0 = Debug|Any CPU
		{277CD39F-F2AC-4681-AE5C-700A75CCE987}.Debug|x64.ActiveCfg = Debug|Any CPU
		{277CD39F-F2AC-4681-AE5C-700A75CCE987}.Debug|x64.Build.0 = Debug|Any CPU
		{277CD39F-F2AC-4681-AE5C-700A75CCE987}.Debug|x86.ActiveCfg = Debug|Any CPU
		{277CD39F-F2AC-4681-AE5C-700A75CCE987}.Debug|x86.Build.0 = Debug|Any CPU
		{277CD39F-F2AC-4681-AE5C-700A75CCE987}.Release|Any CPU.ActiveCfg = Release|Any CPU
		{277CD39F-F2AC-4681-AE5C-700A75CCE987}.Release|Any CPU.Build.0 = Release|Any CPU
		{277CD39F-F2AC-4681-AE5C-700A75CCE987}.Release|x64.ActiveCfg = Release|Any CPU
		{277CD39F-F2AC-4681-AE5C-700A75CCE987}.Release|x64.Build.0 = Release|Any CPU
		{277CD39F-F2AC-4681-AE5C-700A75CCE987}.Release|x86.ActiveCfg = Release|Any CPU
		{277CD39F-F2AC-4681-AE5C-700A75CCE987}.Release|x86.Build.0 = Release|Any CPU
	EndGlobalSection
	GlobalSection(SolutionProperties) = preSolution
		HideSolutionNode = FALSE
	EndGlobalSection
	GlobalSection(NestedProjects) = preSolution
		{D4521E45-F7C1-436A-928E-A7737A5C12AF} = {827E0CD3-B72D-47B6-A68D-7590B98EB39B}
		{D104DA33-FA6F-4A44-A11E-3959412F00BF} = {827E0CD3-B72D-47B6-A68D-7590B98EB39B}
		{80A56292-5FCD-457A-B84D-162C5BB08F2A} = {827E0CD3-B72D-47B6-A68D-7590B98EB39B}
		{53DABF6E-2AE3-489E-BDF7-A6EBBA8749C5} = {B36A84DF-456D-A817-6EDD-3EC3E7F6E11F}
		{A48AA01F-2675-4EDB-A7A1-022BCFCC42F2} = {B36A84DF-456D-A817-6EDD-3EC3E7F6E11F}
		{DD96AB74-EF93-4F80-859B-29BC8E8E804F} = {B36A84DF-456D-A817-6EDD-3EC3E7F6E11F}
		{1059A042-A3A7-4A2B-85A2-25FAED51DA3B} = {0AB3BF05-4346-4AA6-1389-037BE0695223}
		{AA7A071A-EDAA-4350-8585-7818C15AE71E} = {0AB3BF05-4346-4AA6-1389-037BE0695223}
		{FB0C5E8D-9304-4831-8488-C69D103EEA35} = {0AB3BF05-4346-4AA6-1389-037BE0695223}
		{7D3A59E3-A4D0-446D-808D-34ED6F239853} = {0AB3BF05-4346-4AA6-1389-037BE0695223}
		{51E24F43-5D8A-4842-A57A-3AA4472E3C34} = {0AB3BF05-4346-4AA6-1389-037BE0695223}
		{628594DC-BBF6-4AAD-9575-A00D25A47F4C} = {0AB3BF05-4346-4AA6-1389-037BE0695223}
		{738C9935-3FEF-4513-8021-39AE8F90A2AF} = {0AB3BF05-4346-4AA6-1389-037BE0695223}
		{37BDDDFA-0D64-4AF4-9ECE-C104C0CE9BFF} = {0AB3BF05-4346-4AA6-1389-037BE0695223}
		{277CD39F-F2AC-4681-AE5C-700A75CCE987} = {0AB3BF05-4346-4AA6-1389-037BE0695223}
	EndGlobalSection
EndGlobal
